
Microsoft Visual Studio Solution File, Format Version 12.00
# Visual Studio Version 16
VisualStudioVersion = 16.0.30320.27
MinimumVisualStudioVersion = 10.0.40219.1
Project("{FAE04EC0-301F-11D3-BF4B-00C04F79EFBC}") = "DirectoryInformation", "DirectoryInformation\DirectoryInformation.csproj", "{FBCB51CB-E45C-4659-90B1-712AA58E9FF3}"
EndProject
Global
	GlobalSection(SolutionConfigurationPlatforms) = preSolution
		Debug|Any CPU = Debug|Any CPU
		Release|Any CPU = Release|Any CPU
	EndGlobalSection
	GlobalSection(ProjectConfigurationPlatforms) = postSolution
		{FBCB51CB-E45C-4659-90B1-712AA58E9FF3}.Debug|Any CPU.ActiveCfg = Debug|Any CPU
		{FBCB51CB-E45C-4659-90B1-712AA58E9FF3}.Debug|Any CPU.Build.0 = Debug|Any CPU
		{FBCB51CB-E45C-4659-90B1-712AA58E9FF3}.Release|Any CPU.ActiveCfg = Release|Any CPU
		{FBCB51CB-E45C-4659-90B1-712AA58E9FF3}.Release|Any CPU.Build.0 = Release|Any CPU
	EndGlobalSection
	GlobalSection(SolutionProperties) = preSolution
		HideSolutionNode = FALSE
	EndGlobalSection
	GlobalSection(ExtensibilityGlobals) = postSolution
		SolutionGuid = {6A8333B2-9624-441A-BCDC-ACF14DA32E0F}
	EndGlobalSection
EndGlobal
