
Microsoft Visual Studio Solution File, Format Version 12.00
# Visual Studio Version 16
VisualStudioVersion = 16.0.30320.27
MinimumVisualStudioVersion = 10.0.40219.1
Project("{FAE04EC0-301F-11D3-BF4B-00C04F79EFBC}") = "FileComparison", "FileComparison\FileComparison.csproj", "{CE15BE1B-962A-4905-9BC7-087674F199D6}"
EndProject
Global
	GlobalSection(SolutionConfigurationPlatforms) = preSolution
		Debug|Any CPU = Debug|Any CPU
		Release|Any CPU = Release|Any CPU
	EndGlobalSection
	GlobalSection(ProjectConfigurationPlatforms) = postSolution
		{CE15BE1B-962A-4905-9BC7-087674F199D6}.Debug|Any CPU.ActiveCfg = Debug|Any CPU
		{CE15BE1B-962A-4905-9BC7-087674F199D6}.Debug|Any CPU.Build.0 = Debug|Any CPU
		{CE15BE1B-962A-4905-9BC7-087674F199D6}.Release|Any CPU.ActiveCfg = Release|Any CPU
		{CE15BE1B-962A-4905-9BC7-087674F199D6}.Release|Any CPU.Build.0 = Release|Any CPU
	EndGlobalSection
	GlobalSection(SolutionProperties) = preSolution
		HideSolutionNode = FALSE
	EndGlobalSection
	GlobalSection(ExtensibilityGlobals) = postSolution
		SolutionGuid = {67627CF9-0A97-46EC-98F4-B6BD254CD9BD}
	EndGlobalSection
EndGlobal
